
Microsoft Visual Studio Solution File, Format Version 12.00
# Visual Studio Version 16
VisualStudioVersion = 16.0.810.10
MinimumVisualStudioVersion = 10.0.40219.1
Project("{F2A71F9B-5D33-465A-A702-920D77279786}") = "Day02", "Day02\Day02.fsproj", "{EF197005-6BD5-462A-889D-E3CCE4FAE9BE}"
EndProject
Project("{F2A71F9B-5D33-465A-A702-920D77279786}") = "Day03", "Day03\Day03.fsproj", "{64FED98F-AA52-42FF-A020-E34AC04E9348}"
EndProject
Project("{F2A71F9B-5D33-465A-A702-920D77279786}") = "Day04", "Day04\Day04.fsproj", "{5E87C47C-05E3-47C1-8604-577008B40984}"
EndProject
Project("{F2A71F9B-5D33-465A-A702-920D77279786}") = "Day05", "Day05\Day05.fsproj", "{8FD3E0CF-B3CF-4A8E-90CD-D9CDE0F52893}"
EndProject
Project("{F2A71F9B-5D33-465A-A702-920D77279786}") = "Day06", "Day06\Day06.fsproj", "{35022647-9129-477F-AF18-BA0CB19E1E54}"
EndProject
Project("{2150E333-8FDC-42A3-9474-1A3956D46DE8}") = "InputFiles", "InputFiles", "{69C34A90-2E46-499C-B603-DF79473E240D}"
	ProjectSection(SolutionItems) = preProject
		InputFiles\Day01Input.txt = InputFiles\Day01Input.txt
		InputFiles\Day02Input.txt = InputFiles\Day02Input.txt
		InputFiles\Day03Input.txt = InputFiles\Day03Input.txt
		InputFiles\Day04Input.txt = InputFiles\Day04Input.txt
		InputFiles\Day05Input.txt = InputFiles\Day05Input.txt
		InputFiles\Day06Input.txt = InputFiles\Day06Input.txt
		InputFiles\Day07Input.txt = InputFiles\Day07Input.txt
		InputFiles\Day08Input.txt = InputFiles\Day08Input.txt
		InputFiles\Day10Input.txt = InputFiles\Day10Input.txt
		InputFiles\Day09Input.txt = InputFiles\Day09Input.txt
		InputFiles\Day13Input.txt = InputFiles\Day13Input.txt
		InputFiles\Day20Input.txt = InputFiles\Day20Input.txt
		InputFiles\Day23Input.txt = InputFiles\Day23Input.txt
		InputFiles\Day11Input.txt = InputFiles\Day11Input.txt
		InputFiles\Day14Input.txt = InputFiles\Day14Input.txt
		InputFiles\Day15Input.txt = InputFiles\Day15Input.txt
		InputFiles\Day17Input.txt = InputFiles\Day17Input.txt
		InputFiles\Day18Input.txt = InputFiles\Day18Input.txt
		InputFiles\Day21Input.txt = InputFiles\Day21Input.txt
		InputFiles\Day22Input.txt = InputFiles\Day22Input.txt
		InputFiles\Day25Input.txt = InputFiles\Day25Input.txt
		InputFiles\Day12Input.txt = InputFiles\Day12Input.txt
		InputFiles\Day24Input.txt = InputFiles\Day24Input.txt
		InputFiles\Day16Input.txt = InputFiles\Day16Input.txt
		InputFiles\Day16InputExample.txt = InputFiles\Day16InputExample.txt
	EndProjectSection
EndProject
Project("{F2A71F9B-5D33-465A-A702-920D77279786}") = "Utilities", "Utilities\Utilities.fsproj", "{9D242DCD-55C6-47D9-850F-1F4E6CB2406A}"
EndProject
Project("{F2A71F9B-5D33-465A-A702-920D77279786}") = "Day01", "Day01\Day01.fsproj", "{AECFC257-959B-400F-89DE-0D9A0B276CB0}"
EndProject
Project("{F2A71F9B-5D33-465A-A702-920D77279786}") = "Day07", "Day07\Day07.fsproj", "{632D0F8A-35ED-4DDD-A2BA-B149A9CEE931}"
EndProject
Project("{F2A71F9B-5D33-465A-A702-920D77279786}") = "Day08", "Day08\Day08.fsproj", "{F55DA90B-BFEC-4CEA-B86D-AD052C5C9296}"
EndProject
Project("{F2A71F9B-5D33-465A-A702-920D77279786}") = "Day09", "Day09\Day09.fsproj", "{FEE5C034-4C9B-49FD-82BB-90548632D29A}"
EndProject
Project("{F2A71F9B-5D33-465A-A702-920D77279786}") = "Day10", "Day10\Day10.fsproj", "{FB8692AF-32E0-457D-BC6A-1195CD8C32EE}"
EndProject
Project("{F2A71F9B-5D33-465A-A702-920D77279786}") = "Day23", "Day23\Day23.fsproj", "{AD5899F5-C85E-4513-BA1D-FEF8C9A15ECB}"
EndProject
Project("{F2A71F9B-5D33-465A-A702-920D77279786}") = "Day11", "Day11\Day11.fsproj", "{6943F5CD-DAE2-44FC-97A2-ACA6DDB835CC}"
EndProject
Project("{F2A71F9B-5D33-465A-A702-920D77279786}") = "Day12", "Day12\Day12.fsproj", "{E5201964-BD9D-41F2-934D-19E8958F4183}"
EndProject
Project("{F2A71F9B-5D33-465A-A702-920D77279786}") = "Day13", "Day13\Day13.fsproj", "{6F13C240-6386-49BD-AEAF-7810D4F13B3C}"
EndProject
Project("{F2A71F9B-5D33-465A-A702-920D77279786}") = "Day14", "Day14\Day14.fsproj", "{B2F1BD13-9ED7-4948-BDF5-BDD2272F3521}"
EndProject
Project("{F2A71F9B-5D33-465A-A702-920D77279786}") = "Day15", "Day15\Day15.fsproj", "{CA39B35A-DCAB-461D-854D-68E9D4F58505}"
EndProject
Project("{F2A71F9B-5D33-465A-A702-920D77279786}") = "Day17", "Day17\Day17.fsproj", "{76CE8B83-BD67-4690-B52F-1FC3A8A627CE}"
EndProject
Project("{F2A71F9B-5D33-465A-A702-920D77279786}") = "Day18", "Day18\Day18.fsproj", "{A3DC76DE-E3AA-43CF-90FF-5FA9CF9FC642}"
EndProject
Project("{F2A71F9B-5D33-465A-A702-920D77279786}") = "Day20", "Day20\Day20.fsproj", "{FA7C1F58-257A-40AD-BAE3-20B07DC8325F}"
EndProject
Project("{F2A71F9B-5D33-465A-A702-920D77279786}") = "Day21", "Day21\Day21.fsproj", "{7EA6AA86-FE97-4C75-BFCF-163846984896}"
EndProject
Project("{F2A71F9B-5D33-465A-A702-920D77279786}") = "Day22", "Day22\Day22.fsproj", "{059318D0-4E6A-4F5C-868F-12A766201026}"
EndProject
Project("{F2A71F9B-5D33-465A-A702-920D77279786}") = "Day25", "Day25\Day25.fsproj", "{AEF41ABC-677B-49FA-BB9B-40D4F60414C1}"
EndProject
Project("{F2A71F9B-5D33-465A-A702-920D77279786}") = "Day24", "Day24\Day24.fsproj", "{96C5ACDF-16B7-4607-826B-0B2E76B587EA}"
EndProject
Project("{F2A71F9B-5D33-465A-A702-920D77279786}") = "Day16", "Day16\Day16.fsproj", "{95776FE9-1A9F-4353-8922-C6568B69EFE5}"
EndProject
Global
	GlobalSection(SolutionConfigurationPlatforms) = preSolution
		Debug|Any CPU = Debug|Any CPU
		Release|Any CPU = Release|Any CPU
	EndGlobalSection
	GlobalSection(ProjectConfigurationPlatforms) = postSolution
		{EF197005-6BD5-462A-889D-E3CCE4FAE9BE}.Debug|Any CPU.ActiveCfg = Debug|Any CPU
		{EF197005-6BD5-462A-889D-E3CCE4FAE9BE}.Debug|Any CPU.Build.0 = Debug|Any CPU
		{EF197005-6BD5-462A-889D-E3CCE4FAE9BE}.Release|Any CPU.ActiveCfg = Release|Any CPU
		{EF197005-6BD5-462A-889D-E3CCE4FAE9BE}.Release|Any CPU.Build.0 = Release|Any CPU
		{64FED98F-AA52-42FF-A020-E34AC04E9348}.Debug|Any CPU.ActiveCfg = Debug|Any CPU
		{64FED98F-AA52-42FF-A020-E34AC04E9348}.Debug|Any CPU.Build.0 = Debug|Any CPU
		{64FED98F-AA52-42FF-A020-E34AC04E9348}.Release|Any CPU.ActiveCfg = Release|Any CPU
		{64FED98F-AA52-42FF-A020-E34AC04E9348}.Release|Any CPU.Build.0 = Release|Any CPU
		{5E87C47C-05E3-47C1-8604-577008B40984}.Debug|Any CPU.ActiveCfg = Debug|Any CPU
		{5E87C47C-05E3-47C1-8604-577008B40984}.Debug|Any CPU.Build.0 = Debug|Any CPU
		{5E87C47C-05E3-47C1-8604-577008B40984}.Release|Any CPU.ActiveCfg = Release|Any CPU
		{5E87C47C-05E3-47C1-8604-577008B40984}.Release|Any CPU.Build.0 = Release|Any CPU
		{8FD3E0CF-B3CF-4A8E-90CD-D9CDE0F52893}.Debug|Any CPU.ActiveCfg = Debug|Any CPU
		{8FD3E0CF-B3CF-4A8E-90CD-D9CDE0F52893}.Debug|Any CPU.Build.0 = Debug|Any CPU
		{8FD3E0CF-B3CF-4A8E-90CD-D9CDE0F52893}.Release|Any CPU.ActiveCfg = Release|Any CPU
		{8FD3E0CF-B3CF-4A8E-90CD-D9CDE0F52893}.Release|Any CPU.Build.0 = Release|Any CPU
		{35022647-9129-477F-AF18-BA0CB19E1E54}.Debug|Any CPU.ActiveCfg = Debug|Any CPU
		{35022647-9129-477F-AF18-BA0CB19E1E54}.Debug|Any CPU.Build.0 = Debug|Any CPU
		{35022647-9129-477F-AF18-BA0CB19E1E54}.Release|Any CPU.ActiveCfg = Release|Any CPU
		{35022647-9129-477F-AF18-BA0CB19E1E54}.Release|Any CPU.Build.0 = Release|Any CPU
		{9D242DCD-55C6-47D9-850F-1F4E6CB2406A}.Debug|Any CPU.ActiveCfg = Debug|Any CPU
		{9D242DCD-55C6-47D9-850F-1F4E6CB2406A}.Debug|Any CPU.Build.0 = Debug|Any CPU
		{9D242DCD-55C6-47D9-850F-1F4E6CB2406A}.Release|Any CPU.ActiveCfg = Release|Any CPU
		{9D242DCD-55C6-47D9-850F-1F4E6CB2406A}.Release|Any CPU.Build.0 = Release|Any CPU
		{AECFC257-959B-400F-89DE-0D9A0B276CB0}.Debug|Any CPU.ActiveCfg = Debug|Any CPU
		{AECFC257-959B-400F-89DE-0D9A0B276CB0}.Debug|Any CPU.Build.0 = Debug|Any CPU
		{AECFC257-959B-400F-89DE-0D9A0B276CB0}.Release|Any CPU.ActiveCfg = Release|Any CPU
		{AECFC257-959B-400F-89DE-0D9A0B276CB0}.Release|Any CPU.Build.0 = Release|Any CPU
		{632D0F8A-35ED-4DDD-A2BA-B149A9CEE931}.Debug|Any CPU.ActiveCfg = Debug|Any CPU
		{632D0F8A-35ED-4DDD-A2BA-B149A9CEE931}.Debug|Any CPU.Build.0 = Debug|Any CPU
		{632D0F8A-35ED-4DDD-A2BA-B149A9CEE931}.Release|Any CPU.ActiveCfg = Release|Any CPU
		{632D0F8A-35ED-4DDD-A2BA-B149A9CEE931}.Release|Any CPU.Build.0 = Release|Any CPU
		{F55DA90B-BFEC-4CEA-B86D-AD052C5C9296}.Debug|Any CPU.ActiveCfg = Debug|Any CPU
		{F55DA90B-BFEC-4CEA-B86D-AD052C5C9296}.Debug|Any CPU.Build.0 = Debug|Any CPU
		{F55DA90B-BFEC-4CEA-B86D-AD052C5C9296}.Release|Any CPU.ActiveCfg = Release|Any CPU
		{F55DA90B-BFEC-4CEA-B86D-AD052C5C9296}.Release|Any CPU.Build.0 = Release|Any CPU
		{FEE5C034-4C9B-49FD-82BB-90548632D29A}.Debug|Any CPU.ActiveCfg = Debug|Any CPU
		{FEE5C034-4C9B-49FD-82BB-90548632D29A}.Debug|Any CPU.Build.0 = Debug|Any CPU
		{FEE5C034-4C9B-49FD-82BB-90548632D29A}.Release|Any CPU.ActiveCfg = Release|Any CPU
		{FEE5C034-4C9B-49FD-82BB-90548632D29A}.Release|Any CPU.Build.0 = Release|Any CPU
		{FB8692AF-32E0-457D-BC6A-1195CD8C32EE}.Debug|Any CPU.ActiveCfg = Debug|Any CPU
		{FB8692AF-32E0-457D-BC6A-1195CD8C32EE}.Debug|Any CPU.Build.0 = Debug|Any CPU
		{FB8692AF-32E0-457D-BC6A-1195CD8C32EE}.Release|Any CPU.ActiveCfg = Release|Any CPU
		{FB8692AF-32E0-457D-BC6A-1195CD8C32EE}.Release|Any CPU.Build.0 = Release|Any CPU
		{AD5899F5-C85E-4513-BA1D-FEF8C9A15ECB}.Debug|Any CPU.ActiveCfg = Debug|Any CPU
		{AD5899F5-C85E-4513-BA1D-FEF8C9A15ECB}.Debug|Any CPU.Build.0 = Debug|Any CPU
		{AD5899F5-C85E-4513-BA1D-FEF8C9A15ECB}.Release|Any CPU.ActiveCfg = Release|Any CPU
		{AD5899F5-C85E-4513-BA1D-FEF8C9A15ECB}.Release|Any CPU.Build.0 = Release|Any CPU
		{6943F5CD-DAE2-44FC-97A2-ACA6DDB835CC}.Debug|Any CPU.ActiveCfg = Debug|Any CPU
		{6943F5CD-DAE2-44FC-97A2-ACA6DDB835CC}.Debug|Any CPU.Build.0 = Debug|Any CPU
		{6943F5CD-DAE2-44FC-97A2-ACA6DDB835CC}.Release|Any CPU.ActiveCfg = Release|Any CPU
		{6943F5CD-DAE2-44FC-97A2-ACA6DDB835CC}.Release|Any CPU.Build.0 = Release|Any CPU
		{E5201964-BD9D-41F2-934D-19E8958F4183}.Debug|Any CPU.ActiveCfg = Debug|Any CPU
		{E5201964-BD9D-41F2-934D-19E8958F4183}.Debug|Any CPU.Build.0 = Debug|Any CPU
		{E5201964-BD9D-41F2-934D-19E8958F4183}.Release|Any CPU.ActiveCfg = Release|Any CPU
		{E5201964-BD9D-41F2-934D-19E8958F4183}.Release|Any CPU.Build.0 = Release|Any CPU
		{6F13C240-6386-49BD-AEAF-7810D4F13B3C}.Debug|Any CPU.ActiveCfg = Debug|Any CPU
		{6F13C240-6386-49BD-AEAF-7810D4F13B3C}.Debug|Any CPU.Build.0 = Debug|Any CPU
		{6F13C240-6386-49BD-AEAF-7810D4F13B3C}.Release|Any CPU.ActiveCfg = Release|Any CPU
		{6F13C240-6386-49BD-AEAF-7810D4F13B3C}.Release|Any CPU.Build.0 = Release|Any CPU
		{B2F1BD13-9ED7-4948-BDF5-BDD2272F3521}.Debug|Any CPU.ActiveCfg = Debug|Any CPU
		{B2F1BD13-9ED7-4948-BDF5-BDD2272F3521}.Debug|Any CPU.Build.0 = Debug|Any CPU
		{B2F1BD13-9ED7-4948-BDF5-BDD2272F3521}.Release|Any CPU.ActiveCfg = Release|Any CPU
		{B2F1BD13-9ED7-4948-BDF5-BDD2272F3521}.Release|Any CPU.Build.0 = Release|Any CPU
		{CA39B35A-DCAB-461D-854D-68E9D4F58505}.Debug|Any CPU.ActiveCfg = Debug|Any CPU
		{CA39B35A-DCAB-461D-854D-68E9D4F58505}.Debug|Any CPU.Build.0 = Debug|Any CPU
		{CA39B35A-DCAB-461D-854D-68E9D4F58505}.Release|Any CPU.ActiveCfg = Release|Any CPU
		{CA39B35A-DCAB-461D-854D-68E9D4F58505}.Release|Any CPU.Build.0 = Release|Any CPU
		{76CE8B83-BD67-4690-B52F-1FC3A8A627CE}.Debug|Any CPU.ActiveCfg = Debug|Any CPU
		{76CE8B83-BD67-4690-B52F-1FC3A8A627CE}.Debug|Any CPU.Build.0 = Debug|Any CPU
		{76CE8B83-BD67-4690-B52F-1FC3A8A627CE}.Release|Any CPU.ActiveCfg = Release|Any CPU
		{76CE8B83-BD67-4690-B52F-1FC3A8A627CE}.Release|Any CPU.Build.0 = Release|Any CPU
		{A3DC76DE-E3AA-43CF-90FF-5FA9CF9FC642}.Debug|Any CPU.ActiveCfg = Debug|Any CPU
		{A3DC76DE-E3AA-43CF-90FF-5FA9CF9FC642}.Debug|Any CPU.Build.0 = Debug|Any CPU
		{A3DC76DE-E3AA-43CF-90FF-5FA9CF9FC642}.Release|Any CPU.ActiveCfg = Release|Any CPU
		{A3DC76DE-E3AA-43CF-90FF-5FA9CF9FC642}.Release|Any CPU.Build.0 = Release|Any CPU
		{FA7C1F58-257A-40AD-BAE3-20B07DC8325F}.Debug|Any CPU.ActiveCfg = Debug|Any CPU
		{FA7C1F58-257A-40AD-BAE3-20B07DC8325F}.Debug|Any CPU.Build.0 = Debug|Any CPU
		{FA7C1F58-257A-40AD-BAE3-20B07DC8325F}.Release|Any CPU.ActiveCfg = Release|Any CPU
		{FA7C1F58-257A-40AD-BAE3-20B07DC8325F}.Release|Any CPU.Build.0 = Release|Any CPU
		{7EA6AA86-FE97-4C75-BFCF-163846984896}.Debug|Any CPU.ActiveCfg = Debug|Any CPU
		{7EA6AA86-FE97-4C75-BFCF-163846984896}.Debug|Any CPU.Build.0 = Debug|Any CPU
		{7EA6AA86-FE97-4C75-BFCF-163846984896}.Release|Any CPU.ActiveCfg = Release|Any CPU
		{7EA6AA86-FE97-4C75-BFCF-163846984896}.Release|Any CPU.Build.0 = Release|Any CPU
		{059318D0-4E6A-4F5C-868F-12A766201026}.Debug|Any CPU.ActiveCfg = Debug|Any CPU
		{059318D0-4E6A-4F5C-868F-12A766201026}.Debug|Any CPU.Build.0 = Debug|Any CPU
		{059318D0-4E6A-4F5C-868F-12A766201026}.Release|Any CPU.ActiveCfg = Release|Any CPU
		{059318D0-4E6A-4F5C-868F-12A766201026}.Release|Any CPU.Build.0 = Release|Any CPU
		{AEF41ABC-677B-49FA-BB9B-40D4F60414C1}.Debug|Any CPU.ActiveCfg = Debug|Any CPU
		{AEF41ABC-677B-49FA-BB9B-40D4F60414C1}.Debug|Any CPU.Build.0 = Debug|Any CPU
		{AEF41ABC-677B-49FA-BB9B-40D4F60414C1}.Release|Any CPU.ActiveCfg = Release|Any CPU
		{AEF41ABC-677B-49FA-BB9B-40D4F60414C1}.Release|Any CPU.Build.0 = Release|Any CPU
		{96C5ACDF-16B7-4607-826B-0B2E76B587EA}.Debug|Any CPU.ActiveCfg = Debug|Any CPU
		{96C5ACDF-16B7-4607-826B-0B2E76B587EA}.Debug|Any CPU.Build.0 = Debug|Any CPU
		{96C5ACDF-16B7-4607-826B-0B2E76B587EA}.Release|Any CPU.ActiveCfg = Release|Any CPU
		{96C5ACDF-16B7-4607-826B-0B2E76B587EA}.Release|Any CPU.Build.0 = Release|Any CPU
		{95776FE9-1A9F-4353-8922-C6568B69EFE5}.Debug|Any CPU.ActiveCfg = Debug|Any CPU
		{95776FE9-1A9F-4353-8922-C6568B69EFE5}.Debug|Any CPU.Build.0 = Debug|Any CPU
		{95776FE9-1A9F-4353-8922-C6568B69EFE5}.Release|Any CPU.ActiveCfg = Release|Any CPU
		{95776FE9-1A9F-4353-8922-C6568B69EFE5}.Release|Any CPU.Build.0 = Release|Any CPU
	EndGlobalSection
	GlobalSection(SolutionProperties) = preSolution
		HideSolutionNode = FALSE
	EndGlobalSection
	GlobalSection(ExtensibilityGlobals) = postSolution
		SolutionGuid = {516186FE-012D-4046-96BD-E1838FD60D72}
	EndGlobalSection
EndGlobal
